
Microsoft Visual Studio Solution File, Format Version 12.00
# Visual Studio 14
VisualStudioVersion = 14.0.25420.1
MinimumVisualStudioVersion = 10.0.40219.1
Project("{2150E333-8FDC-42A3-9474-1A3956D46DE8}") = "src", "src", "{6D63C8BE-D790-4ED8-9ACE-BA956AABE874}"
EndProject
Project("{2150E333-8FDC-42A3-9474-1A3956D46DE8}") = "Solution Items", "Solution Items", "{AFAE9D35-97DB-4C09-A607-05B545EF02E7}"
	ProjectSection(SolutionItems) = preProject
		global.json = global.json
	EndProjectSection
EndProject
Project("{8BB2217D-0F2D-49D1-97BC-3654ED321F3B}") = "CsvExample", "src\CsvExample\CsvExample.xproj", "{628584C1-3580-483F-8DC3-5915041AD277}"
EndProject
Global
	GlobalSection(SolutionConfigurationPlatforms) = preSolution
		Debug|Any CPU = Debug|Any CPU
		Release|Any CPU = Release|Any CPU
	EndGlobalSection
	GlobalSection(ProjectConfigurationPlatforms) = postSolution
		{628584C1-3580-483F-8DC3-5915041AD277}.Debug|Any CPU.ActiveCfg = Debug|Any CPU
		{628584C1-3580-483F-8DC3-5915041AD277}.Debug|Any CPU.Build.0 = Debug|Any CPU
		{628584C1-3580-483F-8DC3-5915041AD277}.Release|Any CPU.ActiveCfg = Release|Any CPU
		{628584C1-3580-483F-8DC3-5915041AD277}.Release|Any CPU.Build.0 = Release|Any CPU
	EndGlobalSection
	GlobalSection(SolutionProperties) = preSolution
		HideSolutionNode = FALSE
	EndGlobalSection
	GlobalSection(NestedProjects) = preSolution
		{628584C1-3580-483F-8DC3-5915041AD277} = {6D63C8BE-D790-4ED8-9ACE-BA956AABE874}
	EndGlobalSection
EndGlobal
